{
  "name": "campus-sync-spike",
  "version": "0.0.0",
  "lockfileVersion": 3,
  "requires": true,
  "packages": {
    "": {
      "name": "campus-sync-spike",
      "version": "0.0.0",
      "devDependencies": {
        "@types/chrome": "file:...",
        "esbuild": "file:..."
      }
    },
    "...": {
      "dev": true
    },
    "node_modules/@types/chrome": {
      "resolved": "...",
      "link": true
    },
    "node_modules/esbuild": {
      "resolved": "...",
      "link": true
    }
  }
}
